
Microsoft Visual Studio Solution File, Format Version 12.00
# Visual Studio 15
VisualStudioVersion = 15.0.28307.421
MinimumVisualStudioVersion = 10.0.40219.1
Project("{8BC9CEB8-8B4A-11D0-8D11-00A0C91BC942}") = "BreakoutC++", "BreakoutC++\BreakoutC++.vcxproj", "{97104F1F-0500-4726-9A63-FCE378612A4C}"
EndProject
Global
	GlobalSection(SolutionConfigurationPlatforms) = preSolution
		Debug|x64 = Debug|x64
		Debug|x86 = Debug|x86
		Release|x64 = Release|x64
		Release|x86 = Release|x86
	EndGlobalSection
	GlobalSection(ProjectConfigurationPlatforms) = postSolution
		{97104F1F-0500-4726-9A63-FCE378612A4C}.Debug|x64.ActiveCfg = Debug|x64
		{97104F1F-0500-4726-9A63-FCE378612A4C}.Debug|x64.Build.0 = Debug|x64
		{97104F1F-0500-4726-9A63-FCE378612A4C}.Debug|x86.ActiveCfg = Debug|Win32
		{97104F1F-0500-4726-9A63-FCE378612A4C}.Debug|x86.Build.0 = Debug|Win32
		{97104F1F-0500-4726-9A63-FCE378612A4C}.Release|x64.ActiveCfg = Release|x64
		{97104F1F-0500-4726-9A63-FCE378612A4C}.Release|x64.Build.0 = Release|x64
		{97104F1F-0500-4726-9A63-FCE378612A4C}.Release|x86.ActiveCfg = Release|Win32
		{97104F1F-0500-4726-9A63-FCE378612A4C}.Release|x86.Build.0 = Release|Win32
	EndGlobalSection
	GlobalSection(SolutionProperties) = preSolution
		HideSolutionNode = FALSE
	EndGlobalSection
	GlobalSection(ExtensibilityGlobals) = postSolution
		SolutionGuid = {6B0C54A8-0891-4029-8B9A-307B2A1ADA87}
	EndGlobalSection
EndGlobal
